
Microsoft Visual Studio Solution File, Format Version 12.00
# Visual Studio Version 16
VisualStudioVersion = 16.0.33423.256
MinimumVisualStudioVersion = 10.0.40219.1
Project("{FAE04EC0-301F-11D3-BF4B-00C04F79EFBC}") = "BaiTapLon-GameBox", "BaiTapLon-GameBox.csproj", "{4C52CE18-79CF-44E2-9B51-C728DE26FD41}"
EndProject
Global
	GlobalSection(SolutionConfigurationPlatforms) = preSolution
		Debug|Any CPU = Debug|Any CPU
		Release|Any CPU = Release|Any CPU
	EndGlobalSection
	GlobalSection(ProjectConfigurationPlatforms) = postSolution
		{4C52CE18-79CF-44E2-9B51-C728DE26FD41}.Debug|Any CPU.ActiveCfg = Debug|Any CPU
		{4C52CE18-79CF-44E2-9B51-C728DE26FD41}.Debug|Any CPU.Build.0 = Debug|Any CPU
		{4C52CE18-79CF-44E2-9B51-C728DE26FD41}.Release|Any CPU.ActiveCfg = Release|Any CPU
		{4C52CE18-79CF-44E2-9B51-C728DE26FD41}.Release|Any CPU.Build.0 = Release|Any CPU
	EndGlobalSection
	GlobalSection(SolutionProperties) = preSolution
		HideSolutionNode = FALSE
	EndGlobalSection
	GlobalSection(ExtensibilityGlobals) = postSolution
		SolutionGuid = {46DAD9CB-CDB6-47B6-A605-38503B297B34}
	EndGlobalSection
EndGlobal
