
Microsoft Visual Studio Solution File, Format Version 12.00
# Visual Studio Version 16
VisualStudioVersion = 16.0.31515.178
MinimumVisualStudioVersion = 10.0.40219.1
Project("{FAE04EC0-301F-11D3-BF4B-00C04F79EFBC}") = "GameFlappyBird", "GameFlappyBird.csproj", "{E8CCAF08-E5CA-4869-8A0E-29E0B6A0CBFB}"
EndProject
Global
	GlobalSection(SolutionConfigurationPlatforms) = preSolution
		Debug|Any CPU = Debug|Any CPU
		Release|Any CPU = Release|Any CPU
	EndGlobalSection
	GlobalSection(ProjectConfigurationPlatforms) = postSolution
		{E8CCAF08-E5CA-4869-8A0E-29E0B6A0CBFB}.Debug|Any CPU.ActiveCfg = Debug|Any CPU
		{E8CCAF08-E5CA-4869-8A0E-29E0B6A0CBFB}.Debug|Any CPU.Build.0 = Debug|Any CPU
		{E8CCAF08-E5CA-4869-8A0E-29E0B6A0CBFB}.Release|Any CPU.ActiveCfg = Release|Any CPU
		{E8CCAF08-E5CA-4869-8A0E-29E0B6A0CBFB}.Release|Any CPU.Build.0 = Release|Any CPU
	EndGlobalSection
	GlobalSection(SolutionProperties) = preSolution
		HideSolutionNode = FALSE
	EndGlobalSection
	GlobalSection(ExtensibilityGlobals) = postSolution
		SolutionGuid = {9E54D4C1-5FEE-454F-95F8-E04DB6015DC1}
	EndGlobalSection
EndGlobal
